
Microsoft Visual Studio Solution File, Format Version 12.00
# Visual Studio Version 17
VisualStudioVersion = 17.7.34202.233
MinimumVisualStudioVersion = 10.0.40219.1
Project("{FAE04EC0-301F-11D3-BF4B-00C04F79EFBC}") = "advent-of-code-2023", "advent-of-code-2023\advent-of-code-2023.csproj", "{605C9CDE-E279-4CF0-B7E6-0365C0245E4D}"
EndProject
Global
	GlobalSection(SolutionConfigurationPlatforms) = preSolution
		Debug|Any CPU = Debug|Any CPU
		Release|Any CPU = Release|Any CPU
	EndGlobalSection
	GlobalSection(ProjectConfigurationPlatforms) = postSolution
		{605C9CDE-E279-4CF0-B7E6-0365C0245E4D}.Debug|Any CPU.ActiveCfg = Debug|Any CPU
		{605C9CDE-E279-4CF0-B7E6-0365C0245E4D}.Debug|Any CPU.Build.0 = Debug|Any CPU
		{605C9CDE-E279-4CF0-B7E6-0365C0245E4D}.Release|Any CPU.ActiveCfg = Release|Any CPU
		{605C9CDE-E279-4CF0-B7E6-0365C0245E4D}.Release|Any CPU.Build.0 = Release|Any CPU
	EndGlobalSection
	GlobalSection(SolutionProperties) = preSolution
		HideSolutionNode = FALSE
	EndGlobalSection
	GlobalSection(ExtensibilityGlobals) = postSolution
		SolutionGuid = {68E74222-B185-47AF-9F8D-873C697E484B}
	EndGlobalSection
EndGlobal
